PODS:
  - AFSheme (0.1.5)
  - KissXML (5.1.2):
    - KissXML/Core (= 5.1.2)
  - KissXML/Core (5.1.2)
  - SDWebImage (3.8.2):
    - SDWebImage/Core (= 3.8.2)
  - SDWebImage/Core (3.8.2)

DEPENDENCIES:
  - AFSheme
  - KissXML
  - SDWebImage

SPEC CHECKSUMS:
  AFSheme: 938b72e0018401887a85d0b491e5566211ec50c1
  KissXML: 246c842586bb77110e04fb88e19376d96245c856
  SDWebImage: 098e97e6176540799c27e804c96653ee0833d13c

PODFILE CHECKSUM: 1a1b187f34dce759160d782ea253d696a55df40f

COCOAPODS: 1.0.1
