PODS:
  - AFSheme (0.1.5)
  - KissXML (5.1.2):
    - KissXML/Core (= 5.1.2)
  - KissXML/Core (5.1.2)

DEPENDENCIES:
  - AFSheme
  - KissXML

SPEC CHECKSUMS:
  AFSheme: 938b72e0018401887a85d0b491e5566211ec50c1
  KissXML: 246c842586bb77110e04fb88e19376d96245c856

PODFILE CHECKSUM: b98f621c9d132eafe73a7df8f794402fcd155e58

COCOAPODS: 1.0.1
