// !$*UTF8*$!
{
	archiveVersion = 1;
	classes = {
	};
	objectVersion = 46;
	objects = {

/* Begin PBXBuildFile section */
		7E75E82D1D93C80E0081813E /* XMLModelizer.framework in Frameworks */ = {isa = PBXBuildFile; fileRef = 7E75E8231D93C80E0081813E /* XMLModelizer.framework */; };
		7E75E8321D93C80E0081813E /* XMLModelizerTests.swift in Sources */ = {isa = PBXBuildFile; fileRef = 7E75E8311D93C80E0081813E /* XMLModelizerTests.swift */; };
		7E75E8341D93C80E0081813E /* XMLModelizer.h in Headers */ = {isa = PBXBuildFile; fileRef = 7E75E8261D93C80E0081813E /* XMLModelizer.h */; settings = {ATTRIBUTES = (Public, ); }; };
		7E75E8441D93C8270081813E /* AppDelegate.swift in Sources */ = {isa = PBXBuildFile; fileRef = 7E75E8431D93C8270081813E /* AppDelegate.swift */; };
		7E75E8461D93C8270081813E /* ViewController.swift in Sources */ = {isa = PBXBuildFile; fileRef = 7E75E8451D93C8270081813E /* ViewController.swift */; };
		7E75E8491D93C8270081813E /* Main.storyboard in Resources */ = {isa = PBXBuildFile; fileRef = 7E75E8471D93C8270081813E /* Main.storyboard */; };
		7E75E84B1D93C8270081813E /* Assets.xcassets in Resources */ = {isa = PBXBuildFile; fileRef = 7E75E84A1D93C8270081813E /* Assets.xcassets */; };
		7E75E84E1D93C8270081813E /* LaunchScreen.storyboard in Resources */ = {isa = PBXBuildFile; fileRef = 7E75E84C1D93C8270081813E /* LaunchScreen.storyboard */; };
		7E75E8531D93C8320081813E /* XMLModelizer.framework in Frameworks */ = {isa = PBXBuildFile; fileRef = 7E75E8231D93C80E0081813E /* XMLModelizer.framework */; };
		7E75E8541D93C8320081813E /* XMLModelizer.framework in Embed Frameworks */ = {isa = PBXBuildFile; fileRef = 7E75E8231D93C80E0081813E /* XMLModelizer.framework */; settings = {ATTRIBUTES = (CodeSignOnCopy, RemoveHeadersOnCopy, ); }; };
/* End PBXBuildFile section */

/* Begin PBXContainerItemProxy section */
		7E75E82E1D93C80E0081813E /* PBXContainerItemProxy */ = {
			isa = PBXContainerItemProxy;
			containerPortal = 7E75E81A1D93C80E0081813E /* Project object */;
			proxyType = 1;
			remoteGlobalIDString = 7E75E8221D93C80E0081813E;
			remoteInfo = XMLModelizer;
		};
		7E75E8551D93C8320081813E /* PBXContainerItemProxy */ = {
			isa = PBXContainerItemProxy;
			containerPortal = 7E75E81A1D93C80E0081813E /* Project object */;
			proxyType = 1;
			remoteGlobalIDString = 7E75E8221D93C80E0081813E;
			remoteInfo = XMLModelizer;
		};
/* End PBXContainerItemProxy section */

/* Begin PBXCopyFilesBuildPhase section */
		7E75E8571D93C8320081813E /* Embed Frameworks */ = {
			isa = PBXCopyFilesBuildPhase;
			buildActionMask = 2147483647;
			dstPath = "";
			dstSubfolderSpec = 10;
			files = (
				7E75E8541D93C8320081813E /* XMLModelizer.framework in Embed Frameworks */,
			);
			name = "Embed Frameworks";
			runOnlyForDeploymentPostprocessing = 0;
		};
/* End PBXCopyFilesBuildPhase section */

/* Begin PBXFileReference section */
		7E75E8231D93C80E0081813E /* XMLModelizer.framework */ = {isa = PBXFileReference; explicitFileType = wrapper.framework; includeInIndex = 0; path = XMLModelizer.framework; sourceTree = BUILT_PRODUCTS_DIR; };
		7E75E8261D93C80E0081813E /* XMLModelizer.h */ = {isa = PBXFileReference; lastKnownFileType = sourcecode.c.h; path = XMLModelizer.h; sourceTree = "<group>"; };
		7E75E8271D93C80E0081813E /* Info.plist */ = {isa = PBXFileReference; lastKnownFileType = text.plist.xml; path = Info.plist; sourceTree = "<group>"; };
		7E75E82C1D93C80E0081813E /* XMLModelizerTests.xctest */ = {isa = PBXFileReference; explicitFileType = wrapper.cfbundle; includeInIndex = 0; path = XMLModelizerTests.xctest; sourceTree = BUILT_PRODUCTS_DIR; };
		7E75E8311D93C80E0081813E /* XMLModelizerTests.swift */ = {isa = PBXFileReference; lastKnownFileType = sourcecode.swift; path = XMLModelizerTests.swift; sourceTree = "<group>"; };
		7E75E8331D93C80E0081813E /* Info.plist */ = {isa = PBXFileReference; lastKnownFileType = text.plist.xml; path = Info.plist; sourceTree = "<group>"; };
		7E75E8411D93C8270081813E /* Demo.app */ = {isa = PBXFileReference; explicitFileType = wrapper.application; includeInIndex = 0; path = Demo.app; sourceTree = BUILT_PRODUCTS_DIR; };
		7E75E8431D93C8270081813E /* AppDelegate.swift */ = {isa = PBXFileReference; lastKnownFileType = sourcecode.swift; path = AppDelegate.swift; sourceTree = "<group>"; };
		7E75E8451D93C8270081813E /* ViewController.swift */ = {isa = PBXFileReference; lastKnownFileType = sourcecode.swift; path = ViewController.swift; sourceTree = "<group>"; };
		7E75E8481D93C8270081813E /* Base */ = {isa = PBXFileReference; lastKnownFileType = file.storyboard; name = Base; path = Base.lproj/Main.storyboard; sourceTree = "<group>"; };
		7E75E84A1D93C8270081813E /* Assets.xcassets */ = {isa = PBXFileReference; lastKnownFileType = folder.assetcatalog; path = Assets.xcassets; sourceTree = "<group>"; };
		7E75E84D1D93C8270081813E /* Base */ = {isa = PBXFileReference; lastKnownFileType = file.storyboard; name = Base; path = Base.lproj/LaunchScreen.storyboard; sourceTree = "<group>"; };
		7E75E84F1D93C8270081813E /* Info.plist */ = {isa = PBXFileReference; lastKnownFileType = text.plist.xml; path = Info.plist; sourceTree = "<group>"; };
/* End PBXFileReference section */

/* Begin PBXFrameworksBuildPhase section */
		7E75E81F1D93C80E0081813E /* Frameworks */ = {
			isa = PBXFrameworksBuildPhase;
			buildActionMask = 2147483647;
			files = (
			);
			runOnlyForDeploymentPostprocessing = 0;
		};
		7E75E8291D93C80E0081813E /* Frameworks */ = {
			isa = PBXFrameworksBuildPhase;
			buildActionMask = 2147483647;
			files = (
				7E75E82D1D93C80E0081813E /* XMLModelizer.framework in Frameworks */,
			);
			runOnlyForDeploymentPostprocessing = 0;
		};
		7E75E83E1D93C8270081813E /* Frameworks */ = {
			isa = PBXFrameworksBuildPhase;
			buildActionMask = 2147483647;
			files = (
				7E75E8531D93C8320081813E /* XMLModelizer.framework in Frameworks */,
			);
			runOnlyForDeploymentPostprocessing = 0;
		};
/* End PBXFrameworksBuildPhase section */

/* Begin PBXGroup section */
		7E75E8191D93C80E0081813E = {
			isa = PBXGroup;
			children = (
				7E75E8421D93C8270081813E /* Demo */,
				7E75E8251D93C80E0081813E /* XMLModelizer */,
				7E75E8301D93C80E0081813E /* XMLModelizerTests */,
				7E75E8241D93C80E0081813E /* Products */,
			);
			sourceTree = "<group>";
		};
		7E75E8241D93C80E0081813E /* Products */ = {
			isa = PBXGroup;
			children = (
				7E75E8231D93C80E0081813E /* XMLModelizer.framework */,
				7E75E82C1D93C80E0081813E /* XMLModelizerTests.xctest */,
				7E75E8411D93C8270081813E /* Demo.app */,
			);
			name = Products;
			sourceTree = "<group>";
		};
		7E75E8251D93C80E0081813E /* XMLModelizer */ = {
			isa = PBXGroup;
			children = (
				7E75E8261D93C80E0081813E /* XMLModelizer.h */,
				7E75E8271D93C80E0081813E /* Info.plist */,
			);
			path = XMLModelizer;
			sourceTree = "<group>";
		};
		7E75E8301D93C80E0081813E /* XMLModelizerTests */ = {
			isa = PBXGroup;
			children = (
				7E75E8311D93C80E0081813E /* XMLModelizerTests.swift */,
				7E75E8331D93C80E0081813E /* Info.plist */,
			);
			path = XMLModelizerTests;
			sourceTree = "<group>";
		};
		7E75E8421D93C8270081813E /* Demo */ = {
			isa = PBXGroup;
			children = (
				7E75E8431D93C8270081813E /* AppDelegate.swift */,
				7E75E8451D93C8270081813E /* ViewController.swift */,
				7E75E8471D93C8270081813E /* Main.storyboard */,
				7E75E84A1D93C8270081813E /* Assets.xcassets */,
				7E75E84C1D93C8270081813E /* LaunchScreen.storyboard */,
				7E75E84F1D93C8270081813E /* Info.plist */,
			);
			path = Demo;
			sourceTree = "<group>";
		};
/* End PBXGroup section */

/* Begin PBXHeadersBuildPhase section */
		7E75E8201D93C80E0081813E /* Headers */ = {
			isa = PBXHeadersBuildPhase;
			buildActionMask = 2147483647;
			files = (
				7E75E8341D93C80E0081813E /* XMLModelizer.h in Headers */,
			);
			runOnlyForDeploymentPostprocessing = 0;
		};
/* End PBXHeadersBuildPhase section */

/* Begin PBXNativeTarget section */
		7E75E8221D93C80E0081813E /* XMLModelizer */ = {
			isa = PBXNativeTarget;
			buildConfigurationList = 7E75E8371D93C80E0081813E /* Build configuration list for PBXNativeTarget "XMLModelizer" */;
			buildPhases = (
				7E75E81E1D93C80E0081813E /* Sources */,
				7E75E81F1D93C80E0081813E /* Frameworks */,
				7E75E8201D93C80E0081813E /* Headers */,
				7E75E8211D93C80E0081813E /* Resources */,
			);
			buildRules = (
			);
			dependencies = (
			);
			name = XMLModelizer;
			productName = XMLModelizer;
			productReference = 7E75E8231D93C80E0081813E /* XMLModelizer.framework */;
			productType = "com.apple.product-type.framework";
		};
		7E75E82B1D93C80E0081813E /* XMLModelizerTests */ = {
			isa = PBXNativeTarget;
			buildConfigurationList = 7E75E83A1D93C80E0081813E /* Build configuration list for PBXNativeTarget "XMLModelizerTests" */;
			buildPhases = (
				7E75E8281D93C80E0081813E /* Sources */,
				7E75E8291D93C80E0081813E /* Frameworks */,
				7E75E82A1D93C80E0081813E /* Resources */,
			);
			buildRules = (
			);
			dependencies = (
				7E75E82F1D93C80E0081813E /* PBXTargetDependency */,
			);
			name = XMLModelizerTests;
			productName = XMLModelizerTests;
			productReference = 7E75E82C1D93C80E0081813E /* XMLModelizerTests.xctest */;
			productType = "com.apple.product-type.bundle.unit-test";
		};
		7E75E8401D93C8270081813E /* Demo */ = {
			isa = PBXNativeTarget;
			buildConfigurationList = 7E75E8501D93C8270081813E /* Build configuration list for PBXNativeTarget "Demo" */;
			buildPhases = (
				7E75E83D1D93C8270081813E /* Sources */,
				7E75E83E1D93C8270081813E /* Frameworks */,
				7E75E83F1D93C8270081813E /* Resources */,
				7E75E8571D93C8320081813E /* Embed Frameworks */,
			);
			buildRules = (
			);
			dependencies = (
				7E75E8561D93C8320081813E /* PBXTargetDependency */,
			);
			name = Demo;
			productName = Demo;
			productReference = 7E75E8411D93C8270081813E /* Demo.app */;
			productType = "com.apple.product-type.application";
		};
/* End PBXNativeTarget section */

/* Begin PBXProject section */
		7E75E81A1D93C80E0081813E /* Project object */ = {
			isa = PBXProject;
			attributes = {
				LastSwiftUpdateCheck = 0800;
				LastUpgradeCheck = 0800;
				ORGANIZATIONNAME = aoponapopon;
				TargetAttributes = {
					7E75E8221D93C80E0081813E = {
						CreatedOnToolsVersion = 8.0;
						DevelopmentTeam = V95BJPWBF3;
						ProvisioningStyle = Automatic;
					};
					7E75E82B1D93C80E0081813E = {
						CreatedOnToolsVersion = 8.0;
						DevelopmentTeam = V95BJPWBF3;
						ProvisioningStyle = Automatic;
					};
					7E75E8401D93C8270081813E = {
						CreatedOnToolsVersion = 8.0;
						DevelopmentTeam = V95BJPWBF3;
						ProvisioningStyle = Automatic;
					};
				};
			};
			buildConfigurationList = 7E75E81D1D93C80E0081813E /* Build configuration list for PBXProject "XMLModelizer" */;
			compatibilityVersion = "Xcode 3.2";
			developmentRegion = English;
			hasScannedForEncodings = 0;
			knownRegions = (
				en,
				Base,
			);
			mainGroup = 7E75E8191D93C80E0081813E;
			productRefGroup = 7E75E8241D93C80E0081813E /* Products */;
			projectDirPath = "";
			projectRoot = "";
			targets = (
				7E75E8221D93C80E0081813E /* XMLModelizer */,
				7E75E82B1D93C80E0081813E /* XMLModelizerTests */,
				7E75E8401D93C8270081813E /* Demo */,
			);
		};
/* End PBXProject section */

/* Begin PBXResourcesBuildPhase section */
		7E75E8211D93C80E0081813E /* Resources */ = {
			isa = PBXResourcesBuildPhase;
			buildActionMask = 2147483647;
			files = (
			);
			runOnlyForDeploymentPostprocessing = 0;
		};
		7E75E82A1D93C80E0081813E /* Resources */ = {
			isa = PBXResourcesBuildPhase;
			buildActionMask = 2147483647;
			files = (
			);
			runOnlyForDeploymentPostprocessing = 0;
		};
		7E75E83F1D93C8270081813E /* Resources */ = {
			isa = PBXResourcesBuildPhase;
			buildActionMask = 2147483647;
			files = (
				7E75E84E1D93C8270081813E /* LaunchScreen.storyboard in Resources */,
				7E75E84B1D93C8270081813E /* Assets.xcassets in Resources */,
				7E75E8491D93C8270081813E /* Main.storyboard in Resources */,
			);
			runOnlyForDeploymentPostprocessing = 0;
		};
/* End PBXResourcesBuildPhase section */

/* Begin PBXSourcesBuildPhase section */
		7E75E81E1D93C80E0081813E /* Sources */ = {
			isa = PBXSourcesBuildPhase;
			buildActionMask = 2147483647;
			files = (
			);
			runOnlyForDeploymentPostprocessing = 0;
		};
		7E75E8281D93C80E0081813E /* Sources */ = {
			isa = PBXSourcesBuildPhase;
			buildActionMask = 2147483647;
			files = (
				7E75E8321D93C80E0081813E /* XMLModelizerTests.swift in Sources */,
			);
			runOnlyForDeploymentPostprocessing = 0;
		};
		7E75E83D1D93C8270081813E /* Sources */ = {
			isa = PBXSourcesBuildPhase;
			buildActionMask = 2147483647;
			files = (
				7E75E8461D93C8270081813E /* ViewController.swift in Sources */,
				7E75E8441D93C8270081813E /* AppDelegate.swift in Sources */,
			);
			runOnlyForDeploymentPostprocessing = 0;
		};
/* End PBXSourcesBuildPhase section */

/* Begin PBXTargetDependency section */
		7E75E82F1D93C80E0081813E /* PBXTargetDependency */ = {
			isa = PBXTargetDependency;
			target = 7E75E8221D93C80E0081813E /* XMLModelizer */;
			targetProxy = 7E75E82E1D93C80E0081813E /* PBXContainerItemProxy */;
		};
		7E75E8561D93C8320081813E /* PBXTargetDependency */ = {
			isa = PBXTargetDependency;
			target = 7E75E8221D93C80E0081813E /* XMLModelizer */;
			targetProxy = 7E75E8551D93C8320081813E /* PBXContainerItemProxy */;
		};
/* End PBXTargetDependency section */

/* Begin PBXVariantGroup section */
		7E75E8471D93C8270081813E /* Main.storyboard */ = {
			isa = PBXVariantGroup;
			children = (
				7E75E8481D93C8270081813E /* Base */,
			);
			name = Main.storyboard;
			sourceTree = "<group>";
		};
		7E75E84C1D93C8270081813E /* LaunchScreen.storyboard */ = {
			isa = PBXVariantGroup;
			children = (
				7E75E84D1D93C8270081813E /* Base */,
			);
			name = LaunchScreen.storyboard;
			sourceTree = "<group>";
		};
/* End PBXVariantGroup section */

/* Begin XCBuildConfiguration section */
		7E75E8351D93C80E0081813E /* Debug */ = {
			isa = XCBuildConfiguration;
			buildSettings = {
				ALWAYS_SEARCH_USER_PATHS = NO;
				CLANG_ANALYZER_NONNULL = YES;
				CLANG_CXX_LANGUAGE_STANDARD = "gnu++0x";
				CLANG_CXX_LIBRARY = "libc++";
				CLANG_ENABLE_MODULES = YES;
				CLANG_ENABLE_OBJC_ARC = YES;
				CLANG_WARN_BOOL_CONVERSION = YES;
				CLANG_WARN_CONSTANT_CONVERSION = YES;
				CLANG_WARN_DIRECT_OBJC_ISA_USAGE = YES_ERROR;
				CLANG_WARN_DOCUMENTATION_COMMENTS = YES;
				CLANG_WARN_EMPTY_BODY = YES;
				CLANG_WARN_ENUM_CONVERSION = YES;
				CLANG_WARN_INFINITE_RECURSION = YES;
				CLANG_WARN_INT_CONVERSION = YES;
				CLANG_WARN_OBJC_ROOT_CLASS = YES_ERROR;
				CLANG_WARN_SUSPICIOUS_MOVES = YES;
				CLANG_WARN_UNREACHABLE_CODE = YES;
				CLANG_WARN__DUPLICATE_METHOD_MATCH = YES;
				"CODE_SIGN_IDENTITY[sdk=iphoneos*]" = "iPhone Developer";
				COPY_PHASE_STRIP = NO;
				CURRENT_PROJECT_VERSION = 1;
				DEBUG_INFORMATION_FORMAT = dwarf;
				ENABLE_STRICT_OBJC_MSGSEND = YES;
				ENABLE_TESTABILITY = YES;
				GCC_C_LANGUAGE_STANDARD = gnu99;
				GCC_DYNAMIC_NO_PIC = NO;
				GCC_NO_COMMON_BLOCKS = YES;
				GCC_OPTIMIZATION_LEVEL = 0;
				GCC_PREPROCESSOR_DEFINITIONS = (
					"DEBUG=1",
					"$(inherited)",
				);
				GCC_WARN_64_TO_32_BIT_CONVERSION = YES;
				GCC_WARN_ABOUT_RETURN_TYPE = YES_ERROR;
				GCC_WARN_UNDECLARED_SELECTOR = YES;
				GCC_WARN_UNINITIALIZED_AUTOS = YES_AGGRESSIVE;
				GCC_WARN_UNUSED_FUNCTION = YES;
				GCC_WARN_UNUSED_VARIABLE = YES;
				IPHONEOS_DEPLOYMENT_TARGET = 10.0;
				MTL_ENABLE_DEBUG_INFO = YES;
				ONLY_ACTIVE_ARCH = YES;
				SDKROOT = iphoneos;
				SWIFT_ACTIVE_COMPILATION_CONDITIONS = DEBUG;
				SWIFT_OPTIMIZATION_LEVEL = "-Onone";
				TARGETED_DEVICE_FAMILY = "1,2";
				VERSIONING_SYSTEM = "apple-generic";
				VERSION_INFO_PREFIX = "";
			};
			name = Debug;
		};
		7E75E8361D93C80E0081813E /* Release */ = {
			isa = XCBuildConfiguration;
			buildSettings = {
				ALWAYS_SEARCH_USER_PATHS = NO;
				CLANG_ANALYZER_NONNULL = YES;
				CLANG_CXX_LANGUAGE_STANDARD = "gnu++0x";
				CLANG_CXX_LIBRARY = "libc++";
				CLANG_ENABLE_MODULES = YES;
				CLANG_ENABLE_OBJC_ARC = YES;
				CLANG_WARN_BOOL_CONVERSION = YES;
				CLANG_WARN_CONSTANT_CONVERSION = YES;
				CLANG_WARN_DIRECT_OBJC_ISA_USAGE = YES_ERROR;
				CLANG_WARN_DOCUMENTATION_COMMENTS = YES;
				CLANG_WARN_EMPTY_BODY = YES;
				CLANG_WARN_ENUM_CONVERSION = YES;
				CLANG_WARN_INFINITE_RECURSION = YES;
				CLANG_WARN_INT_CONVERSION = YES;
				CLANG_WARN_OBJC_ROOT_CLASS = YES_ERROR;
				CLANG_WARN_SUSPICIOUS_MOVES = YES;
				CLANG_WARN_UNREACHABLE_CODE = YES;
				CLANG_WARN__DUPLICATE_METHOD_MATCH = YES;
				"CODE_SIGN_IDENTITY[sdk=iphoneos*]" = "iPhone Developer";
				COPY_PHASE_STRIP = NO;
				CURRENT_PROJECT_VERSION = 1;
				DEBUG_INFORMATION_FORMAT = "dwarf-with-dsym";
				ENABLE_NS_ASSERTIONS = NO;
				ENABLE_STRICT_OBJC_MSGSEND = YES;
				GCC_C_LANGUAGE_STANDARD = gnu99;
				GCC_NO_COMMON_BLOCKS = YES;
				GCC_WARN_64_TO_32_BIT_CONVERSION = YES;
				GCC_WARN_ABOUT_RETURN_TYPE = YES_ERROR;
				GCC_WARN_UNDECLARED_SELECTOR = YES;
				GCC_WARN_UNINITIALIZED_AUTOS = YES_AGGRESSIVE;
				GCC_WARN_UNUSED_FUNCTION = YES;
				GCC_WARN_UNUSED_VARIABLE = YES;
				IPHONEOS_DEPLOYMENT_TARGET = 10.0;
				MTL_ENABLE_DEBUG_INFO = NO;
				SDKROOT = iphoneos;
				SWIFT_OPTIMIZATION_LEVEL = "-Owholemodule";
				TARGETED_DEVICE_FAMILY = "1,2";
				VALIDATE_PRODUCT = YES;
				VERSIONING_SYSTEM = "apple-generic";
				VERSION_INFO_PREFIX = "";
			};
			name = Release;
		};
		7E75E8381D93C80E0081813E /* Debug */ = {
			isa = XCBuildConfiguration;
			buildSettings = {
				CODE_SIGN_IDENTITY = "";
				DEFINES_MODULE = YES;
				DEVELOPMENT_TEAM = V95BJPWBF3;
				DYLIB_COMPATIBILITY_VERSION = 1;
				DYLIB_CURRENT_VERSION = 1;
				DYLIB_INSTALL_NAME_BASE = "@rpath";
				INFOPLIST_FILE = XMLModelizer/Info.plist;
				INSTALL_PATH = "$(LOCAL_LIBRARY_DIR)/Frameworks";
				LD_RUNPATH_SEARCH_PATHS = "$(inherited) @executable_path/Frameworks @loader_path/Frameworks";
				PRODUCT_BUNDLE_IDENTIFIER = aoponaopon.XMLModelizer;
				PRODUCT_NAME = "$(TARGET_NAME)";
				SKIP_INSTALL = YES;
				SWIFT_VERSION = 3.0;
			};
			name = Debug;
		};
		7E75E8391D93C80E0081813E /* Release */ = {
			isa = XCBuildConfiguration;
			buildSettings = {
				CODE_SIGN_IDENTITY = "";
				DEFINES_MODULE = YES;
				DEVELOPMENT_TEAM = V95BJPWBF3;
				DYLIB_COMPATIBILITY_VERSION = 1;
				DYLIB_CURRENT_VERSION = 1;
				DYLIB_INSTALL_NAME_BASE = "@rpath";
				INFOPLIST_FILE = XMLModelizer/Info.plist;
				INSTALL_PATH = "$(LOCAL_LIBRARY_DIR)/Frameworks";
				LD_RUNPATH_SEARCH_PATHS = "$(inherited) @executable_path/Frameworks @loader_path/Frameworks";
				PRODUCT_BUNDLE_IDENTIFIER = aoponaopon.XMLModelizer;
				PRODUCT_NAME = "$(TARGET_NAME)";
				SKIP_INSTALL = YES;
				SWIFT_VERSION = 3.0;
			};
			name = Release;
		};
		7E75E83B1D93C80E0081813E /* Debug */ = {
			isa = XCBuildConfiguration;
			buildSettings = {
				DEVELOPMENT_TEAM = V95BJPWBF3;
				INFOPLIST_FILE = XMLModelizerTests/Info.plist;
				LD_RUNPATH_SEARCH_PATHS = "$(inherited) @executable_path/Frameworks @loader_path/Frameworks";
				PRODUCT_BUNDLE_IDENTIFIER = aoponaopon.XMLModelizerTests;
				PRODUCT_NAME = "$(TARGET_NAME)";
				SWIFT_VERSION = 3.0;
			};
			name = Debug;
		};
		7E75E83C1D93C80E0081813E /* Release */ = {
			isa = XCBuildConfiguration;
			buildSettings = {
				DEVELOPMENT_TEAM = V95BJPWBF3;
				INFOPLIST_FILE = XMLModelizerTests/Info.plist;
				LD_RUNPATH_SEARCH_PATHS = "$(inherited) @executable_path/Frameworks @loader_path/Frameworks";
				PRODUCT_BUNDLE_IDENTIFIER = aoponaopon.XMLModelizerTests;
				PRODUCT_NAME = "$(TARGET_NAME)";
				SWIFT_VERSION = 3.0;
			};
			name = Release;
		};
		7E75E8511D93C8270081813E /* Debug */ = {
			isa = XCBuildConfiguration;
			buildSettings = {
				ASSETCATALOG_COMPILER_APPICON_NAME = AppIcon;
				DEVELOPMENT_TEAM = V95BJPWBF3;
				INFOPLIST_FILE = Demo/Info.plist;
				LD_RUNPATH_SEARCH_PATHS = "$(inherited) @executable_path/Frameworks";
				PRODUCT_BUNDLE_IDENTIFIER = aoponaopon.Demo;
				PRODUCT_NAME = "$(TARGET_NAME)";
				SWIFT_VERSION = 3.0;
			};
			name = Debug;
		};
		7E75E8521D93C8270081813E /* Release */ = {
			isa = XCBuildConfiguration;
			buildSettings = {
				ASSETCATALOG_COMPILER_APPICON_NAME = AppIcon;
				DEVELOPMENT_TEAM = V95BJPWBF3;
				INFOPLIST_FILE = Demo/Info.plist;
				LD_RUNPATH_SEARCH_PATHS = "$(inherited) @executable_path/Frameworks";
				PRODUCT_BUNDLE_IDENTIFIER = aoponaopon.Demo;
				PRODUCT_NAME = "$(TARGET_NAME)";
				SWIFT_VERSION = 3.0;
			};
			name = Release;
		};
/* End XCBuildConfiguration section */

/* Begin XCConfigurationList section */
		7E75E81D1D93C80E0081813E /* Build configuration list for PBXProject "XMLModelizer" */ = {
			isa = XCConfigurationList;
			buildConfigurations = (
				7E75E8351D93C80E0081813E /* Debug */,
				7E75E8361D93C80E0081813E /* Release */,
			);
			defaultConfigurationIsVisible = 0;
			defaultConfigurationName = Release;
		};
		7E75E8371D93C80E0081813E /* Build configuration list for PBXNativeTarget "XMLModelizer" */ = {
			isa = XCConfigurationList;
			buildConfigurations = (
				7E75E8381D93C80E0081813E /* Debug */,
				7E75E8391D93C80E0081813E /* Release */,
			);
			defaultConfigurationIsVisible = 0;
			defaultConfigurationName = Release;
		};
		7E75E83A1D93C80E0081813E /* Build configuration list for PBXNativeTarget "XMLModelizerTests" */ = {
			isa = XCConfigurationList;
			buildConfigurations = (
				7E75E83B1D93C80E0081813E /* Debug */,
				7E75E83C1D93C80E0081813E /* Release */,
			);
			defaultConfigurationIsVisible = 0;
			defaultConfigurationName = Release;
		};
		7E75E8501D93C8270081813E /* Build configuration list for PBXNativeTarget "Demo" */ = {
			isa = XCConfigurationList;
			buildConfigurations = (
				7E75E8511D93C8270081813E /* Debug */,
				7E75E8521D93C8270081813E /* Release */,
			);
			defaultConfigurationIsVisible = 0;
			defaultConfigurationName = Release;
		};
/* End XCConfigurationList section */
	};
	rootObject = 7E75E81A1D93C80E0081813E /* Project object */;
}
